# THIS IS AN AUTOGENERATED FILE. DO NOT EDIT THIS FILE DIRECTLY.
# yarn lockfile v1


konva@2.5.1:
  version "2.5.1"
  resolved "https://registry.yarnpkg.com/konva/-/konva-2.5.1.tgz#cca611a9522e831e54cf57c508a1aed3f0ceac25"
  integrity sha512-YdHEWqmbWPieqIZuLx7JFGm9Ui08hSUaSJ2k2Ml8o5giFgJ0WmxAS0DPXIM+Ty2ADRagOHZfXSJ/skwYqqlwgQ==

react-avatar-edit@^0.8.3:
  version "0.8.3"
  resolved "https://registry.yarnpkg.com/react-avatar-edit/-/react-avatar-edit-0.8.3.tgz#0ebf21391328fc255429bdfbc782f795827109bf"
  integrity sha512-QEedh6DjDCSI7AUsUHHtfhxApCWC5hJAoywxUA5PtUdw03iIjEurgVqPOIt1UBHhU/Zk/9amElRF3oepN9JZSg==
  dependencies:
    konva "2.5.1"
